
Microsoft Visual Studio Solution File, Format Version 12.00
# Visual Studio Version 17
VisualStudioVersion = 17.0.31912.275
MinimumVisualStudioVersion = 10.0.40219.1
Project("{9A19103F-16F7-4668-BE54-9A1E7A4F7556}") = "Colorizer", "Colorizer\Colorizer.csproj", "{64DBE640-D9C6-46D9-A981-8775E25C57B3}"
EndProject
Project("{9A19103F-16F7-4668-BE54-9A1E7A4F7556}") = "ColorizerApp", "ColorizerApp\ColorizerApp.csproj", "{8618CC49-903D-4685-B04E-3634F4DCD537}"
EndProject
Project("{FAE04EC0-301F-11D3-BF4B-00C04F79EFBC}") = "ColorizerTest", "ColorizerTest\ColorizerTest.csproj", "{CF2D23F0-DDF2-4E41-8C83-48134B7ECABA}"
EndProject
Global
	GlobalSection(SolutionConfigurationPlatforms) = preSolution
		Debug|Any CPU = Debug|Any CPU
		Release|Any CPU = Release|Any CPU
	EndGlobalSection
	GlobalSection(ProjectConfigurationPlatforms) = postSolution
		{64DBE640-D9C6-46D9-A981-8775E25C57B3}.Debug|Any CPU.ActiveCfg = Debug|Any CPU
		{64DBE640-D9C6-46D9-A981-8775E25C57B3}.Debug|Any CPU.Build.0 = Debug|Any CPU
		{64DBE640-D9C6-46D9-A981-8775E25C57B3}.Release|Any CPU.ActiveCfg = Release|Any CPU
		{64DBE640-D9C6-46D9-A981-8775E25C57B3}.Release|Any CPU.Build.0 = Release|Any CPU
		{8618CC49-903D-4685-B04E-3634F4DCD537}.Debug|Any CPU.ActiveCfg = Debug|Any CPU
		{8618CC49-903D-4685-B04E-3634F4DCD537}.Debug|Any CPU.Build.0 = Debug|Any CPU
		{8618CC49-903D-4685-B04E-3634F4DCD537}.Release|Any CPU.ActiveCfg = Release|Any CPU
		{8618CC49-903D-4685-B04E-3634F4DCD537}.Release|Any CPU.Build.0 = Release|Any CPU
		{CF2D23F0-DDF2-4E41-8C83-48134B7ECABA}.Debug|Any CPU.ActiveCfg = Debug|Any CPU
		{CF2D23F0-DDF2-4E41-8C83-48134B7ECABA}.Debug|Any CPU.Build.0 = Debug|Any CPU
		{CF2D23F0-DDF2-4E41-8C83-48134B7ECABA}.Release|Any CPU.ActiveCfg = Release|Any CPU
		{CF2D23F0-DDF2-4E41-8C83-48134B7ECABA}.Release|Any CPU.Build.0 = Release|Any CPU
	EndGlobalSection
	GlobalSection(SolutionProperties) = preSolution
		HideSolutionNode = FALSE
	EndGlobalSection
	GlobalSection(ExtensibilityGlobals) = postSolution
		SolutionGuid = {04CBDE53-8941-4786-9F26-8E55B6BA6579}
	EndGlobalSection
EndGlobal
